
Microsoft Visual Studio Solution File, Format Version 12.00
# Visual Studio Version 17
VisualStudioVersion = 17.14.37216.2 d17.14
MinimumVisualStudioVersion = 10.0.40219.1
Project("{A07B5EB6-E848-4116-A8D0-A826331D98C6}") = "TravelPlanner", "TravelPlanner\TravelPlanner.sfproj", "{2F3BCAA9-76E0-4434-A96A-D3AC1D43702C}"
EndProject
Project("{FAE04EC0-301F-11D3-BF4B-00C04F79EFBC}") = "ApiGatewayService", "ApiGatewayService\ApiGatewayService.csproj", "{013AF18F-650D-40C1-89CF-A220BB09EDD0}"
EndProject
Project("{FAE04EC0-301F-11D3-BF4B-00C04F79EFBC}") = "IdentityService", "IdentityService\IdentityService.csproj", "{B3C1B5E5-B2F1-4D13-9EF9-01594878A69D}"
EndProject
Project("{FAE04EC0-301F-11D3-BF4B-00C04F79EFBC}") = "TripPlanningService", "TripPlanningService\TripPlanningService.csproj", "{071E4500-42EA-4A36-A96E-AF1532D759AA}"
EndProject
Project("{FAE04EC0-301F-11D3-BF4B-00C04F79EFBC}") = "BudgetService", "BudgetService\BudgetService.csproj", "{40A159FA-5A99-4AE6-B20F-92937C3C84C2}"
EndProject
Project("{FAE04EC0-301F-11D3-BF4B-00C04F79EFBC}") = "SharingService", "SharingService\SharingService.csproj", "{AB0BDD9E-4F08-404F-876E-25338ED0F504}"
EndProject
Project("{FAE04EC0-301F-11D3-BF4B-00C04F79EFBC}") = "Contracts", "Contracts\Contracts.csproj", "{154B5907-6BD9-425A-88BA-95A9800FC391}"
EndProject
Global
	GlobalSection(SolutionConfigurationPlatforms) = preSolution
		Debug|Any CPU = Debug|Any CPU
		Debug|x64 = Debug|x64
		Release|Any CPU = Release|Any CPU
		Release|x64 = Release|x64
	EndGlobalSection
	GlobalSection(ProjectConfigurationPlatforms) = postSolution
		{2F3BCAA9-76E0-4434-A96A-D3AC1D43702C}.Debug|Any CPU.ActiveCfg = Debug|x64
		{2F3BCAA9-76E0-4434-A96A-D3AC1D43702C}.Debug|Any CPU.Build.0 = Debug|x64
		{2F3BCAA9-76E0-4434-A96A-D3AC1D43702C}.Debug|Any CPU.Deploy.0 = Debug|x64
		{2F3BCAA9-76E0-4434-A96A-D3AC1D43702C}.Debug|x64.ActiveCfg = Debug|x64
		{2F3BCAA9-76E0-4434-A96A-D3AC1D43702C}.Debug|x64.Build.0 = Debug|x64
		{2F3BCAA9-76E0-4434-A96A-D3AC1D43702C}.Debug|x64.Deploy.0 = Debug|x64
		{2F3BCAA9-76E0-4434-A96A-D3AC1D43702C}.Release|Any CPU.ActiveCfg = Release|x64
		{2F3BCAA9-76E0-4434-A96A-D3AC1D43702C}.Release|Any CPU.Build.0 = Release|x64
		{2F3BCAA9-76E0-4434-A96A-D3AC1D43702C}.Release|Any CPU.Deploy.0 = Release|x64
		{2F3BCAA9-76E0-4434-A96A-D3AC1D43702C}.Release|x64.ActiveCfg = Release|x64
		{2F3BCAA9-76E0-4434-A96A-D3AC1D43702C}.Release|x64.Build.0 = Release|x64
		{2F3BCAA9-76E0-4434-A96A-D3AC1D43702C}.Release|x64.Deploy.0 = Release|x64
		{013AF18F-650D-40C1-89CF-A220BB09EDD0}.Debug|Any CPU.ActiveCfg = Debug|Any CPU
		{013AF18F-650D-40C1-89CF-A220BB09EDD0}.Debug|Any CPU.Build.0 = Debug|Any CPU
		{013AF18F-650D-40C1-89CF-A220BB09EDD0}.Debug|x64.ActiveCfg = Debug|Any CPU
		{013AF18F-650D-40C1-89CF-A220BB09EDD0}.Debug|x64.Build.0 = Debug|Any CPU
		{013AF18F-650D-40C1-89CF-A220BB09EDD0}.Release|Any CPU.ActiveCfg = Release|Any CPU
		{013AF18F-650D-40C1-89CF-A220BB09EDD0}.Release|Any CPU.Build.0 = Release|Any CPU
		{013AF18F-650D-40C1-89CF-A220BB09EDD0}.Release|x64.ActiveCfg = Release|Any CPU
		{013AF18F-650D-40C1-89CF-A220BB09EDD0}.Release|x64.Build.0 = Release|Any CPU
		{B3C1B5E5-B2F1-4D13-9EF9-01594878A69D}.Debug|Any CPU.ActiveCfg = Debug|Any CPU
		{B3C1B5E5-B2F1-4D13-9EF9-01594878A69D}.Debug|Any CPU.Build.0 = Debug|Any CPU
		{B3C1B5E5-B2F1-4D13-9EF9-01594878A69D}.Debug|x64.ActiveCfg = Debug|Any CPU
		{B3C1B5E5-B2F1-4D13-9EF9-01594878A69D}.Debug|x64.Build.0 = Debug|Any CPU
		{B3C1B5E5-B2F1-4D13-9EF9-01594878A69D}.Release|Any CPU.ActiveCfg = Release|Any CPU
		{B3C1B5E5-B2F1-4D13-9EF9-01594878A69D}.Release|Any CPU.Build.0 = Release|Any CPU
		{B3C1B5E5-B2F1-4D13-9EF9-01594878A69D}.Release|x64.ActiveCfg = Release|Any CPU
		{B3C1B5E5-B2F1-4D13-9EF9-01594878A69D}.Release|x64.Build.0 = Release|Any CPU
		{071E4500-42EA-4A36-A96E-AF1532D759AA}.Debug|Any CPU.ActiveCfg = Debug|Any CPU
		{071E4500-42EA-4A36-A96E-AF1532D759AA}.Debug|Any CPU.Build.0 = Debug|Any CPU
		{071E4500-42EA-4A36-A96E-AF1532D759AA}.Debug|x64.ActiveCfg = Debug|Any CPU
		{071E4500-42EA-4A36-A96E-AF1532D759AA}.Debug|x64.Build.0 = Debug|Any CPU
		{071E4500-42EA-4A36-A96E-AF1532D759AA}.Release|Any CPU.ActiveCfg = Release|Any CPU
		{071E4500-42EA-4A36-A96E-AF1532D759AA}.Release|Any CPU.Build.0 = Release|Any CPU
		{071E4500-42EA-4A36-A96E-AF1532D759AA}.Release|x64.ActiveCfg = Release|Any CPU
		{071E4500-42EA-4A36-A96E-AF1532D759AA}.Release|x64.Build.0 = Release|Any CPU
		{40A159FA-5A99-4AE6-B20F-92937C3C84C2}.Debug|Any CPU.ActiveCfg = Debug|Any CPU
		{40A159FA-5A99-4AE6-B20F-92937C3C84C2}.Debug|Any CPU.Build.0 = Debug|Any CPU
		{40A159FA-5A99-4AE6-B20F-92937C3C84C2}.Debug|x64.ActiveCfg = Debug|Any CPU
		{40A159FA-5A99-4AE6-B20F-92937C3C84C2}.Debug|x64.Build.0 = Debug|Any CPU
		{40A159FA-5A99-4AE6-B20F-92937C3C84C2}.Release|Any CPU.ActiveCfg = Release|Any CPU
		{40A159FA-5A99-4AE6-B20F-92937C3C84C2}.Release|Any CPU.Build.0 = Release|Any CPU
		{40A159FA-5A99-4AE6-B20F-92937C3C84C2}.Release|x64.ActiveCfg = Release|Any CPU
		{40A159FA-5A99-4AE6-B20F-92937C3C84C2}.Release|x64.Build.0 = Release|Any CPU
		{AB0BDD9E-4F08-404F-876E-25338ED0F504}.Debug|Any CPU.ActiveCfg = Debug|Any CPU
		{AB0BDD9E-4F08-404F-876E-25338ED0F504}.Debug|Any CPU.Build.0 = Debug|Any CPU
		{AB0BDD9E-4F08-404F-876E-25338ED0F504}.Debug|x64.ActiveCfg = Debug|Any CPU
		{AB0BDD9E-4F08-404F-876E-25338ED0F504}.Debug|x64.Build.0 = Debug|Any CPU
		{AB0BDD9E-4F08-404F-876E-25338ED0F504}.Release|Any CPU.ActiveCfg = Release|Any CPU
		{AB0BDD9E-4F08-404F-876E-25338ED0F504}.Release|Any CPU.Build.0 = Release|Any CPU
		{AB0BDD9E-4F08-404F-876E-25338ED0F504}.Release|x64.ActiveCfg = Release|Any CPU
		{AB0BDD9E-4F08-404F-876E-25338ED0F504}.Release|x64.Build.0 = Release|Any CPU
		{154B5907-6BD9-425A-88BA-95A9800FC391}.Debug|Any CPU.ActiveCfg = Debug|Any CPU
		{154B5907-6BD9-425A-88BA-95A9800FC391}.Debug|Any CPU.Build.0 = Debug|Any CPU
		{154B5907-6BD9-425A-88BA-95A9800FC391}.Debug|x64.ActiveCfg = Debug|Any CPU
		{154B5907-6BD9-425A-88BA-95A9800FC391}.Debug|x64.Build.0 = Debug|Any CPU
		{154B5907-6BD9-425A-88BA-95A9800FC391}.Release|Any CPU.ActiveCfg = Release|Any CPU
		{154B5907-6BD9-425A-88BA-95A9800FC391}.Release|Any CPU.Build.0 = Release|Any CPU
		{154B5907-6BD9-425A-88BA-95A9800FC391}.Release|x64.ActiveCfg = Release|Any CPU
		{154B5907-6BD9-425A-88BA-95A9800FC391}.Release|x64.Build.0 = Release|Any CPU
	EndGlobalSection
	GlobalSection(SolutionProperties) = preSolution
		HideSolutionNode = FALSE
	EndGlobalSection
	GlobalSection(ExtensibilityGlobals) = postSolution
		SolutionGuid = {7DD802B4-10F3-4B86-9FA5-50D458E9E364}
	EndGlobalSection
EndGlobal
